# This file is autogenerated, do not edit; changes may be undone by the next 'dep ensure'.


[[projects]]
  digest = "1:66daedc9820c8e9b54bf9398bb1cc6527533b372422a9b8f8e843f5dc60e1c19"
  name = "github.com/astaxie/beego"
  packages = [
    ".",
    "config",
    "context",
    "context/param",
    "grace",
    "logs",
    "session",
    "toolbox",
    "utils",
  ]
  pruneopts = "UT"
  revision = "de5650b7230083f957045890af942ffdac87c782"
  version = "v1.12.1"

[[projects]]
  digest = "1:63bd62f5b57c55f0e07c9f8a76d841c7fa74905cc3cb6b8a55e923450f4bee81"
  name = "github.com/codegangsta/inject"
  packages = ["."]
  pruneopts = "UT"
  revision = "37d7f8432a3e684eef9b2edece76bdfa6ac85b39"
  version = "v1.0-rc1"

[[projects]]
  digest = "1:3ee1d175a75b911a659fbd860060874c4f503e793c5870d13e5a0ede529a63cf"
  name = "github.com/gin-contrib/sse"
  packages = ["."]
  pruneopts = "UT"
  revision = "54d8467d122d380a14768b6b4e5cd7ca4755938f"
  version = "v0.1.0"

[[projects]]
  digest = "1:d8bd2a337f6ff2188e08f72c614f2f3f0fd48e6a7b37a071b197e427d77d3a47"
  name = "github.com/gin-gonic/gin"
  packages = [
    ".",
    "binding",
    "internal/json",
    "render",
  ]
  pruneopts = "UT"
  revision = "b75d67cd51eb53c3c3a2fc406524c940021ffbda"

[[projects]]
  digest = "1:275990a68fda901ee42e120ee4c819118deefbfa6bc5562df4d0e9337b4a30e4"
  name = "github.com/go-martini/martini"
  packages = ["."]
  pruneopts = "UT"
  revision = "49411a5b646861ad29a6ddd5351717a0a9c49b94"
  version = "v1.0"

[[projects]]
  digest = "1:9e62e8886ca549ad17aa4db1783e469f10e424652595304fdc2c8ecda5d25476"
  name = "github.com/golang/protobuf"
  packages = ["proto"]
  pruneopts = "UT"
  revision = "ae97035608a719c7a1c1c41bed0ae0744bdb0c6f"
  version = "v1.5.2"

[[projects]]
  digest = "1:6078383dbb7405bfa3ce16957f37564e3b716afa29b6eb45ffdb6674624d1e0d"
  name = "github.com/gorilla/mux"
  packages = ["."]
  pruneopts = "UT"
  revision = "98cb6bf42e086f6af920b965c38cacc07402d51b"
  version = "v1.8.0"

[[projects]]
  digest = "1:9a8d6f793051121bdb4b196ab6a6f39377ab6cebe3e95de8251c14be41880ec3"
  name = "github.com/json-iterator/go"
  packages = ["."]
  pruneopts = "UT"
  revision = "e6b9536d3649bda3e8842bb7e4fab489d79a97ea"
  version = "v1.1.11"

[[projects]]
  digest = "1:fceb085f18da54ad5c9a3a2a6801f3963877d08836b16e0605a0a0eb035d026d"
  name = "github.com/labstack/echo"
  packages = ["."]
  pruneopts = "UT"
  revision = "2acb24adb0fd619dc3c672d7fdde25c2c21061d7"
  version = "v4.3.0"

[[projects]]
  digest = "1:9bc108827ac1d8783dea294f1ef07732fa4ca7d6e20518c04888a85828eba4ce"
  name = "github.com/labstack/gommon"
  packages = [
    "color",
    "log",
  ]
  pruneopts = "UT"
  revision = "4919956f6fb227b548f004da27c7c6b20fba499f"
  version = "v0.3.0"

[[projects]]
  branch = "master"
  digest = "1:9b774ba49d1ba0fcbd64c39d1d389ca045633453b373bc034977d936965dfa87"
  name = "github.com/martini-contrib/render"
  packages = ["."]
  pruneopts = "UT"
  revision = "ec18f8345a1181146728238980606fb1d6f40e8c"

[[projects]]
  digest = "1:304d25ecc3f4ca39f894c959254d3f5fc6176276ccf1f874ded0cd441e2f964f"
  name = "github.com/mattn/go-colorable"
  packages = ["."]
  pruneopts = "UT"
  revision = "2e1b0c1546e0173c0907cf05c67b8ba29ed8b4d1"
  version = "v0.1.8"

[[projects]]
  digest = "1:0c58d31abe2a2ccb429c559b6292e7df89dcda675456fecc282fa90aa08273eb"
  name = "github.com/mattn/go-isatty"
  packages = ["."]
  pruneopts = "UT"
  revision = "7b513a986450394f7bbf1476909911b3aa3a55ce"
  version = "v0.0.12"

[[projects]]
  digest = "1:33422d238f147d247752996a26574ac48dcf472976eda7f5134015f06bf16563"
  name = "github.com/modern-go/concurrent"
  packages = ["."]
  pruneopts = "UT"
  revision = "bacd9c7ef1dd9b15be4a9909b8ac7a4e313eec94"
  version = "1.0.3"

[[projects]]
  digest = "1:e32bdbdb7c377a07a9a46378290059822efdce5c8d96fe71940d87cb4f918855"
  name = "github.com/modern-go/reflect2"
  packages = ["."]
  pruneopts = "UT"
  revision = "4b7aa43c6742a2c18fdef89dd197aaae7dac7ccd"
  version = "1.0.1"

[[projects]]
  branch = "master"
  digest = "1:8ad686b49b509bf03549281c04b5fe11f609e9b12bf34a0690acad8cecc94f15"
  name = "github.com/oxtoacart/bpool"
  packages = ["."]
  pruneopts = "UT"
  revision = "03653db5a59cd88b481403d312d7c324b56af377"

[[projects]]
  branch = "master"
  digest = "1:0f10f73342d955228c69329d3ee5cb9abdc92e7f4162f320fb93bc5781ccb57b"
  name = "github.com/shiena/ansicolor"
  packages = ["."]
  pruneopts = "UT"
  revision = "c7312218db184c554578219828d6c9498d02dcb1"

[[projects]]
  digest = "1:86f456d5cf20ab2e1b5c8c84806866ca97ea768e2aa6ed424ddfc5a8f9598a56"
  name = "github.com/ugorji/go"
  packages = ["codec"]
  pruneopts = "UT"
  revision = "5b6462b505850ae23ec0444474b85541c85514f6"
  version = "v1.2.6"

[[projects]]
  digest = "1:c468422f334a6b46a19448ad59aaffdfc0a36b08fdcc1c749a0b29b6453d7e59"
  name = "github.com/valyala/bytebufferpool"
  packages = ["."]
  pruneopts = "UT"
  revision = "e746df99fe4a3986f4d4f79e13c1e0117ce9c2f7"
  version = "v1.0.0"

[[projects]]
  digest = "1:d724474523928294ece8cc97e8d2371f27c7e6d3068bfa9ace93bd3105b4fdbd"
  name = "github.com/valyala/fasttemplate"
  packages = ["."]
  pruneopts = "UT"
  revision = "2275c48ed3e40f01fa347e220be31070a89b6ad4"
  version = "v1.2.1"

[[projects]]
  branch = "master"
  digest = "1:699d068af7aaa15f3e0282632500301396f9a4b8181b12a1643aa49c0d78a7bc"
  name = "golang.org/x/crypto"
  packages = [
    "acme",
    "acme/autocert",
  ]
  pruneopts = "UT"
  revision = "38f3c27a63bf8d9928ce230b01cab346d1756e88"

[[projects]]
  branch = "master"
  digest = "1:66160de658a23575aab5786a4b206c4a76d865c3a319f8a90cbf59f0920c3a51"
  name = "golang.org/x/net"
  packages = [
    "http/httpguts",
    "http2",
    "http2/h2c",
    "http2/hpack",
    "idna",
  ]
  pruneopts = "UT"
  revision = "064579744ee093986542bb85ff0b5ac3a7ee64c5"

[[projects]]
  branch = "master"
  digest = "1:eb98260aa2b1cbfea27b53c1c1c7e79418c03f84ab7a05059d1079c05594a8b9"
  name = "golang.org/x/sys"
  packages = [
    "internal/unsafeheader",
    "unix",
  ]
  pruneopts = "UT"
  revision = "66c3f260301cac915959651293c11c8207d331e8"

[[projects]]
  digest = "1:d343bfab7897dd73ee9bf8172d1fc83d935b7512067856ed596aaf57a9345f3c"
  name = "golang.org/x/text"
  packages = [
    "collate",
    "collate/build",
    "internal/colltab",
    "internal/gen",
    "internal/language",
    "internal/language/compact",
    "internal/tag",
    "internal/triegen",
    "internal/ucd",
    "language",
    "secure/bidirule",
    "transform",
    "unicode/bidi",
    "unicode/cldr",
    "unicode/norm",
    "unicode/rangetable",
  ]
  pruneopts = "UT"
  revision = "e328d63cff14134669501e0e154e4f141c784322"
  version = "v0.3.6"

[[projects]]
  digest = "1:91dddce5adec4faf06a99a6d12bfce2b91da56d009e88a69a6e328a861f19ac7"
  name = "google.golang.org/protobuf"
  packages = [
    "encoding/prototext",
    "encoding/protowire",
    "internal/descfmt",
    "internal/descopts",
    "internal/detrand",
    "internal/encoding/defval",
    "internal/encoding/messageset",
    "internal/encoding/tag",
    "internal/encoding/text",
    "internal/errors",
    "internal/filedesc",
    "internal/filetype",
    "internal/flags",
    "internal/genid",
    "internal/impl",
    "internal/order",
    "internal/pragma",
    "internal/set",
    "internal/strs",
    "internal/version",
    "proto",
    "reflect/protodesc",
    "reflect/protoreflect",
    "reflect/protoregistry",
    "runtime/protoiface",
    "runtime/protoimpl",
    "types/descriptorpb",
  ]
  pruneopts = "UT"
  revision = "b92717ecb630d4a4824b372bf98c729d87311a4d"
  version = "v1.27.1"

[[projects]]
  digest = "1:cbc72c4c4886a918d6ab4b95e347ffe259846260f99ebdd8a198c2331cf2b2e9"
  name = "gopkg.in/go-playground/validator.v8"
  packages = ["."]
  pruneopts = "UT"
  revision = "5f1438d3fca68893a817e4a66806cea46a9e4ebf"
  version = "v8.18.2"

[[projects]]
  digest = "1:5054a1f394226de9e6ddc47b0ba77e35092a4112f4a1cd9cb94aba1f5bdc3ec6"
  name = "gopkg.in/yaml.v2"
  packages = ["."]
  pruneopts = "UT"
  revision = "7649d4548cb53a614db133b2a8ac1f31859dda8c"
  version = "v2.4.0"

[solve-meta]
  analyzer-name = "dep"
  analyzer-version = 1
  input-imports = [
    "github.com/astaxie/beego",
    "github.com/astaxie/beego/context",
    "github.com/gin-gonic/gin",
    "github.com/gin-gonic/gin/render",
    "github.com/go-martini/martini",
    "github.com/gorilla/mux",
    "github.com/labstack/echo",
    "github.com/martini-contrib/render",
  ]
  solver-name = "gps-cdcl"
  solver-version = 1
