# This file is autogenerated, do not edit; changes may be undone by the next 'dep ensure'.


[[projects]]
  branch = "master"
  digest = "1:fd960771fa3e19acda6cc484d6e4bf8a841b103433464388b6a83c65310ca09e"
  name = "dmitri.shuralyov.com/text/kebabcase"
  packages = ["."]
  pruneopts = "UT"
  revision = "eac43a689475a8a9e9a1c4423778c88d6ae7c794"

[[projects]]
  digest = "1:0e4212e56edb036472ab8b7d88f8d40de67c5c46b8e93cfc58602a7a945a100b"
  name = "github.com/BurntSushi/toml"
  packages = [
    ".",
    "internal",
  ]
  pruneopts = "UT"
  revision = "641c3cf2148ad11ca058c000eab0453dd5d67954"
  version = "v0.4.1"

[[projects]]
  branch = "master"
  digest = "1:379ca6e37192ea4e4b4742bd1ad6b3c277490190135dac73c257c2337c534c29"
  name = "github.com/CloudyKit/fastprinter"
  packages = ["."]
  pruneopts = "UT"
  revision = "33d98a066a532e5d333057e62ded1d30008b7828"

[[projects]]
  digest = "1:c17569cc7473d25b12d1527ced76fd525cc5abdfd77082ec4606d717d35906e6"
  name = "github.com/CloudyKit/jet"
  packages = ["."]
  pruneopts = "UT"
  revision = "bdff0f8c3801b951072a6b9920fbcc161f5c8e0c"
  version = "v4.1.0"

[[projects]]
  digest = "1:dbb586456d6abd7aa1e0f093fcd697e7196289dabc014e4881fa310083a49e8b"
  name = "github.com/Joker/jade"
  packages = ["."]
  pruneopts = "UT"
  revision = "4710ad025334997818170b241797d42a707e912b"
  version = "v1.0.0"

[[projects]]
  branch = "master"
  digest = "1:703fc1915845d32fc0065de942b199320fce0509815a1b80ed7e995d008f6521"
  name = "github.com/Shopify/goreferrer"
  packages = ["."]
  pruneopts = "UT"
  revision = "536fa16abd6ff1717b0e2e94e1ef16a094335d6d"

[[projects]]
  digest = "1:66daedc9820c8e9b54bf9398bb1cc6527533b372422a9b8f8e843f5dc60e1c19"
  name = "github.com/astaxie/beego"
  packages = [
    ".",
    "config",
    "context",
    "context/param",
    "grace",
    "logs",
    "session",
    "toolbox",
    "utils",
  ]
  pruneopts = "UT"
  revision = "de5650b7230083f957045890af942ffdac87c782"
  version = "v1.12.1"

[[projects]]
  digest = "1:28ad7c4fdfaee2a467d18fd5aab817d139fbd63088d1e0bd283906806e9ffebe"
  name = "github.com/aymerick/douceur"
  packages = [
    "css",
    "parser",
  ]
  pruneopts = "UT"
  revision = "c5c95ec357c8235fbd7f34e8c843d36783f3fad9"
  version = "v0.2.0"

[[projects]]
  digest = "1:4333e9d9cc731d01e67e19c33da46e95860b95f8b8032bc586d69b169e1b0c1b"
  name = "github.com/aymerick/raymond"
  packages = [
    ".",
    "ast",
    "lexer",
    "parser",
  ]
  pruneopts = "UT"
  revision = "2eebd0f5dd9564c0c6e439df11d8a3c7b9b9ab11"
  version = "v2.0.2"

[[projects]]
  digest = "1:91e904d606ad35df7b5b8549d4118594bafbf492ef98b23f6ce6ed71fc64775c"
  name = "github.com/blang/semver"
  packages = ["."]
  pruneopts = "UT"
  revision = "af3461a9cbcf1f3f5889d21b83f5ef63880c33a8"
  version = "v4.0.0"

[[projects]]
  digest = "1:75e8f8e8382cf0601f205e4b01de257a27624e245bd903a6691c5902c62e4a8b"
  name = "github.com/cockroachdb/cockroach-go"
  packages = ["crdb"]
  pruneopts = "UT"
  revision = "4f590c1f4585d7702324d4493044149d1ac63c2e"
  version = "v2.1.1"

[[projects]]
  digest = "1:63bd62f5b57c55f0e07c9f8a76d841c7fa74905cc3cb6b8a55e923450f4bee81"
  name = "github.com/codegangsta/inject"
  packages = ["."]
  pruneopts = "UT"
  revision = "37d7f8432a3e684eef9b2edece76bdfa6ac85b39"
  version = "v1.0-rc1"

[[projects]]
  digest = "1:6f9339c912bbdda81302633ad7e99a28dfa5a639c864061f1929510a9a64aa74"
  name = "github.com/dustin/go-humanize"
  packages = ["."]
  pruneopts = "UT"
  revision = "9f541cc9db5d55bce703bd99987c9d5cb8eea45e"
  version = "v1.0.0"

[[projects]]
  branch = "master"
  digest = "1:f524f46fd5c8f8ae8bef1f754683f2fbb951fb616010be6ff6eed9a6e4082fd7"
  name = "github.com/eknkc/amber"
  packages = [
    ".",
    "parser",
  ]
  pruneopts = "UT"
  revision = "cdade1c073850f4ffc70a829e31235ea6892853b"

[[projects]]
  digest = "1:1bf705ef0cc4bafbfdead4cadfa541624d034eb922b82440cbb631bb84b9a2c0"
  name = "github.com/fatih/color"
  packages = ["."]
  pruneopts = "UT"
  revision = "cf452350f542986d689fb53db88dbb0212f141db"
  version = "v1.12.0"

[[projects]]
  digest = "1:af43bdaaf86655a2343f113e9b293bbc16b12099eaeb223982bbe4d4c22ba14d"
  name = "github.com/fatih/structs"
  packages = ["."]
  pruneopts = "UT"
  revision = "4966fc68f5b7593aafa6cbbba2d65ec6e1416047"
  version = "v1.1.0"

[[projects]]
  digest = "1:f9a5338e7ba65552b1aebe4c9bb9c99cb8bd0bee6974fc1c5a392fad56d7a8c8"
  name = "github.com/flosch/pongo2"
  packages = ["."]
  pruneopts = "UT"
  revision = "6b600819ffbf4a36a02b27f81065fdf1fc03bfa9"
  version = "v4.0.2"

[[projects]]
  digest = "1:80057945464ffb5b0da1f026beb8df0e8dbd098eaf771a349291bed2cd29a83e"
  name = "github.com/fsnotify/fsnotify"
  packages = ["."]
  pruneopts = "UT"
  revision = "45d7d09e39ef4ac08d493309fa031790c15bfe8a"
  version = "v1.4.9"

[[projects]]
  digest = "1:3ee1d175a75b911a659fbd860060874c4f503e793c5870d13e5a0ede529a63cf"
  name = "github.com/gin-contrib/sse"
  packages = ["."]
  pruneopts = "UT"
  revision = "54d8467d122d380a14768b6b4e5cd7ca4755938f"
  version = "v0.1.0"

[[projects]]
  digest = "1:d8bd2a337f6ff2188e08f72c614f2f3f0fd48e6a7b37a071b197e427d77d3a47"
  name = "github.com/gin-gonic/gin"
  packages = [
    ".",
    "binding",
    "internal/json",
    "render",
  ]
  pruneopts = "UT"
  revision = "b75d67cd51eb53c3c3a2fc406524c940021ffbda"

[[projects]]
  digest = "1:275990a68fda901ee42e120ee4c819118deefbfa6bc5562df4d0e9337b4a30e4"
  name = "github.com/go-martini/martini"
  packages = ["."]
  pruneopts = "UT"
  revision = "49411a5b646861ad29a6ddd5351717a0a9c49b94"
  version = "v1.0"

[[projects]]
  digest = "1:e3b25b60c5598d88c45b25d85a76816d0a81fc3fd46c00791136614c1183fc0b"
  name = "github.com/go-sql-driver/mysql"
  packages = ["."]
  pruneopts = "UT"
  revision = "bcc459a906419e2890a50fc2c99ea6dd927a88f2"
  version = "v1.6.0"

[[projects]]
  digest = "1:586ea76dbd0374d6fb649a91d70d652b7fe0ccffb8910a77468e7702e7901f3d"
  name = "github.com/go-stack/stack"
  packages = ["."]
  pruneopts = "UT"
  revision = "2fee6af1a9795aafbe0253a0cfbdf668e1fb8a9a"
  version = "v1.8.0"

[[projects]]
  digest = "1:83c0ebc6a51401137041fbc129ab23531a350a9c410aff96919ad218d22d113d"
  name = "github.com/gobuffalo/buffalo"
  packages = [
    ".",
    "binding",
    "render",
    "worker",
  ]
  pruneopts = "UT"
  revision = "932f95b2b4b7821a1b8369bd64845225ab1117b3"
  version = "v0.11.0"

[[projects]]
  digest = "1:95ad6540d666a04207f244dd7a44b7132f2ab3fef0a33a6291e3eaa2ca53ee38"
  name = "github.com/gobuffalo/envy"
  packages = ["."]
  pruneopts = "UT"
  revision = "3dbe4c98c1c77e4a8fac053251c262a85e048f21"
  version = "v1.9.0"

[[projects]]
  digest = "1:2c0aabba403f01d2d062f8a3b32eb4d0da987e2047528ab339a7aabdfa3f5fed"
  name = "github.com/gobuffalo/fizz"
  packages = [
    ".",
    "translators",
  ]
  pruneopts = "UT"
  revision = "eea01a83c80c7f7e20a978e901e3a4fd6c2b2ceb"
  version = "v1.9.5"

[[projects]]
  digest = "1:c80438dffce4d645c0f3c27d2349686b47b5fc8cf098c1595bdbffc344505288"
  name = "github.com/gobuffalo/flect"
  packages = [
    ".",
    "name",
  ]
  pruneopts = "UT"
  revision = "cc5b89279644a3672ff0fd4c3629b834396cb6d2"
  version = "v0.2.3"

[[projects]]
  digest = "1:87ab76abe46fccfd2fe49692c69ee48d8e63e5706bd9bb1adcec548726fb8db2"
  name = "github.com/gobuffalo/genny"
  packages = ["."]
  pruneopts = "UT"
  revision = "15c6f16e2c7551dcc7715163d6fe315f45cf4dad"
  version = "v2.0.6"

[[projects]]
  digest = "1:f41eaa0018ce43ddbba857d0f45dcbda2a7d8652dfa913fa33950ffaa5dde2ae"
  name = "github.com/gobuffalo/github_flavored_markdown"
  packages = [
    ".",
    "internal/russross/blackfriday",
    "internal/shurcooL/highlight_diff",
    "internal/shurcooL/highlight_go",
    "internal/shurcooL/octicon",
    "internal/shurcooL/sanitized_anchor_name",
  ]
  pruneopts = "UT"
  revision = "3ccedf42c1df15b71c0a2f7669646a574f88edfe"
  version = "v1.1.0"

[[projects]]
  digest = "1:f9b7edf9a00fedae219f1ac8699eeb43e88d332fc85b797e95007cab4d9cdfa6"
  name = "github.com/gobuffalo/helpers"
  packages = [
    ".",
    "content",
    "debug",
    "encoders",
    "env",
    "escapes",
    "forms",
    "forms/bootstrap",
    "hctx",
    "inflections",
    "iterators",
    "meta",
    "paths",
    "tags",
    "text",
  ]
  pruneopts = "UT"
  revision = "8b58475292886875935529bd2a24c558bf3bbac8"
  version = "v0.5.0"

[[projects]]
  digest = "1:14b434d2ed516d355e8c6e2e4848069c1a07d167924ec5c606dda37b530c6bf9"
  name = "github.com/gobuffalo/logger"
  packages = ["."]
  pruneopts = "UT"
  revision = "39dae9dd338ce8ecacb9d278aa62647ecf0db753"
  version = "v1.0.4"

[[projects]]
  digest = "1:be388e1df96447ee5a08a9d7e3cf150171d0c316993cdc239dd3ee82ddf621d4"
  name = "github.com/gobuffalo/nulls"
  packages = ["."]
  pruneopts = "UT"
  revision = "0de136906d3ebbc9ff20df72aa569645f88b72db"
  version = "v0.4.0"

[[projects]]
  digest = "1:ea1dc40f7a6757babdd1f43e57b8c4a3740c112bbfcb8185221838fde7733d2d"
  name = "github.com/gobuffalo/packd"
  packages = [
    ".",
    "internal/takeon/github.com/markbates/errx",
  ]
  pruneopts = "UT"
  revision = "128b5da43f114d0f9af8b4bba549b02e3496dfa8"
  version = "v1.0.0"

[[projects]]
  digest = "1:e32f668ddafbfc1c4aa9034e622a3a4f80acd6350ed653e639a158ad85157dec"
  name = "github.com/gobuffalo/packr"
  packages = ["."]
  pruneopts = "UT"
  revision = "3debf342c4c7a0466f228a798f4dee1f96d4059e"
  version = "v2.8.1"

[[projects]]
  digest = "1:c077607f641529141b65d21bfac13a4dd6ec09985abf337ce86baebe21cda4f8"
  name = "github.com/gobuffalo/plush"
  packages = [
    ".",
    "ast",
    "lexer",
    "parser",
    "token",
  ]
  pruneopts = "UT"
  revision = "c88d415091a870e83a2c3322cdbd2446618295bf"
  version = "v3.8.3"

[[projects]]
  digest = "1:7e1ca0a2cd4e53b46c54a6461394971b6660966b09810c13d876c379e6dca76b"
  name = "github.com/gobuffalo/pop"
  packages = [
    ".",
    "associations",
    "columns",
    "internal/defaults",
    "internal/oncer",
    "internal/randx",
    "logging",
    "nulls",
  ]
  pruneopts = "UT"
  revision = "257e6c6f7d110a8048caf1325e0b4ca933ea3a1b"
  version = "v4.13.1"

[[projects]]
  digest = "1:cef74330514b3485f110338cae5b075a3b0cc44d1a68c6d0c3665bc1037ea114"
  name = "github.com/gobuffalo/tags"
  packages = [
    ".",
    "form",
    "form/bootstrap",
  ]
  pruneopts = "UT"
  revision = "8469b49fa270b5d8213b21aeab4820ffb5364730"
  version = "v2.1.7"

[[projects]]
  digest = "1:700bf6cf30c4c55b785e11faf91d534f2bd6c63f3fe3ee7eda004e1892a9fd61"
  name = "github.com/gobuffalo/validate"
  packages = [
    ".",
    "validators",
  ]
  pruneopts = "UT"
  revision = "2ada686bcfc51eb528382b5134818852f918fe24"
  version = "v2.0.4"

[[projects]]
  digest = "1:9bb1b9d0037fab40ab9fbfc33ac6b6b59c13054d04fead28340092bca2c2aa0d"
  name = "github.com/gobuffalo/x"
  packages = [
    "defaults",
    "httpx",
  ]
  pruneopts = "UT"
  revision = "58753eef46909436139cb8909c3ed1fe65326ff5"
  version = "v0.1.0"

[[projects]]
  digest = "1:b4c37f161f9abc89aede53a621205cda38d2df6659dff7b8044d8295ed24291f"
  name = "github.com/gofrs/uuid"
  packages = ["."]
  pruneopts = "UT"
  revision = "4b36aa0ea796d49630bbae624f8f05ab7013af77"
  version = "v4.0.0"

[[projects]]
  digest = "1:9e62e8886ca549ad17aa4db1783e469f10e424652595304fdc2c8ecda5d25476"
  name = "github.com/golang/protobuf"
  packages = ["proto"]
  pruneopts = "UT"
  revision = "ae97035608a719c7a1c1c41bed0ae0744bdb0c6f"
  version = "v1.5.2"

[[projects]]
  digest = "1:c79fb010be38a59d657c48c6ba1d003a8aa651fa56b579d959d74573b7dff8e1"
  name = "github.com/gorilla/context"
  packages = ["."]
  pruneopts = "UT"
  revision = "08b5f424b9271eedf6f9f0ce86cb9396ed337a42"
  version = "v1.1.1"

[[projects]]
  digest = "1:fc51ecee8f31d03436c1a0167eb1e383ad0a241d02272541853f3995374a08f1"
  name = "github.com/gorilla/css"
  packages = ["scanner"]
  pruneopts = "UT"
  revision = "398b0b046082ecb3694c01bec6b336a06a4e530a"
  version = "v1.0.0"

[[projects]]
  digest = "1:6078383dbb7405bfa3ce16957f37564e3b716afa29b6eb45ffdb6674624d1e0d"
  name = "github.com/gorilla/mux"
  packages = ["."]
  pruneopts = "UT"
  revision = "98cb6bf42e086f6af920b965c38cacc07402d51b"
  version = "v1.8.0"

[[projects]]
  digest = "1:e72d1ebb8d395cf9f346fd9cbc652e5ae222dd85e0ac842dc57f175abed6d195"
  name = "github.com/gorilla/securecookie"
  packages = ["."]
  pruneopts = "UT"
  revision = "e59506cc896acb7f7bf732d4fdf5e25f7ccd8983"
  version = "v1.1.1"

[[projects]]
  digest = "1:8a4faf976f729a5bf9141d9fefdaf89e0550a34f05299f8102b2614f23e64658"
  name = "github.com/gorilla/sessions"
  packages = ["."]
  pruneopts = "UT"
  revision = "61fa50d034f99479a7de0d1c02c5e9dea5ad30cb"
  version = "v1.2.1"

[[projects]]
  digest = "1:6d29f02f0f01c627c2be40fb7347669a9ff2aa215cb97747294c1d13ffa74bdd"
  name = "github.com/gorilla/websocket"
  packages = ["."]
  pruneopts = "UT"
  revision = "b65e62901fc1c0d968042419e74789f6af455eb9"
  version = "v1.4.2"

[[projects]]
  digest = "1:6a539f22990dee302ae4ce63f29eae68061a546c4f30d75b2c4e7266c5619ce3"
  name = "github.com/inconshreveable/log15"
  packages = ["term"]
  pruneopts = "UT"
  revision = "b30bc20e4fd12cec79a9aae62e91cfcf458bd253"
  version = "v2.15"

[[projects]]
  digest = "1:8a2a940fd81980cd5394dbb60a8f9ab49b5d8195e52cddec562b9a40eab394f0"
  name = "github.com/iris-contrib/blackfriday"
  packages = ["."]
  pruneopts = "UT"
  revision = "48b3da6a6f3865c7eb1eba96d74cf0a16f63faca"
  version = "v2.0.0"

[[projects]]
  digest = "1:ff6b0586c0621a76832cf783eee58cbb9d9795d2ce8acbc199a4131db11c42a9"
  name = "github.com/iris-contrib/go.uuid"
  packages = ["."]
  pruneopts = "UT"
  revision = "36e9d2ebbde5e3f13ab2e25625fd453271d6522e"
  version = "v2.0.0"

[[projects]]
  digest = "1:e571243449c9f0fe0c268836fa11f1e239a79fef0885df95a86ffb9b8e0c0be8"
  name = "github.com/iris-contrib/schema"
  packages = ["."]
  pruneopts = "UT"
  revision = "4fafd0845ed1b8cc46cfc3a2a9ba64f2000ff405"
  version = "v0.0.6"

[[projects]]
  digest = "1:e213f1acd272fc2ff5ce38faa67712a03e562d2837387f7c0fbdc0187fa8da5d"
  name = "github.com/jmoiron/sqlx"
  packages = [
    ".",
    "reflectx",
  ]
  pruneopts = "UT"
  revision = "92bfa368c21aafd33626444a47b2f99be2432623"
  version = "v1.3.4"

[[projects]]
  digest = "1:ecd9aa82687cf31d1585d4ac61d0ba180e42e8a6182b85bd785fcca8dfeefc1b"
  name = "github.com/joho/godotenv"
  packages = ["."]
  pruneopts = "UT"
  revision = "23d116af351c84513e1946b527c88823e476be13"
  version = "v1.3.0"

[[projects]]
  digest = "1:9a8d6f793051121bdb4b196ab6a6f39377ab6cebe3e95de8251c14be41880ec3"
  name = "github.com/json-iterator/go"
  packages = ["."]
  pruneopts = "UT"
  revision = "e6b9536d3649bda3e8842bb7e4fab489d79a97ea"
  version = "v1.1.11"

[[projects]]
  digest = "1:84a35669b4b31cc20ffc89c3b2ab32f2189fb2366a973efa1c25e009ef6ae1c6"
  name = "github.com/julienschmidt/httprouter"
  packages = ["."]
  pruneopts = "UT"
  revision = "4eec211fa4e8df74ed978dc5681612131854144f"
  version = "v1.3.0"

[[projects]]
  digest = "1:666d4fa8239bf752e8af8c092ff61bf9472b32e7679717e588072cf648ad1c1e"
  name = "github.com/kataras/golog"
  packages = ["."]
  pruneopts = "UT"
  revision = "a4da832764ad32eb7a54b39ee5568035f6885a7c"
  version = "v0.1.7"

[[projects]]
  digest = "1:a4135fff2fa94c09ec6f04ce50d804b32a093de705c73649a402b851a4e5d63d"
  name = "github.com/kataras/iris"
  packages = [
    ".",
    "cache",
    "cache/cfg",
    "cache/client",
    "cache/client/rule",
    "cache/entry",
    "cache/ruleset",
    "cache/uri",
    "context",
    "core/errors",
    "core/handlerconv",
    "core/host",
    "core/memstore",
    "core/netutil",
    "core/router",
    "macro",
    "macro/handler",
    "macro/interpreter/ast",
    "macro/interpreter/lexer",
    "macro/interpreter/parser",
    "macro/interpreter/token",
    "middleware/logger",
    "middleware/recover",
    "view",
  ]
  pruneopts = "UT"
  revision = "bd5f96086ba6d5685f0028ba677c11e803ad5f4b"

[[projects]]
  digest = "1:21444d0c1899714a8d563ea34331f171b8dbeb2b7c16ccde1fdca5a660e17f67"
  name = "github.com/kataras/pio"
  packages = [
    ".",
    "terminal",
  ]
  pruneopts = "UT"
  revision = "9f3aeafe0f91edc499f9fed0d7abd2abe3ad9845"
  version = "v0.0.10"

[[projects]]
  branch = "master"
  digest = "1:400e113a367b511b9b09ca642ee11d9885485a93838526d697033af334a2fdde"
  name = "github.com/kballard/go-shellquote"
  packages = ["."]
  pruneopts = "UT"
  revision = "95032a82bc518f77982ea72343cc1ade730072f0"

[[projects]]
  digest = "1:e377cb0e163dcc88ea2b87a8e3f62abc3229ddbd6e20ece13f5f80b673e5614f"
  name = "github.com/klauspost/compress"
  packages = [
    "flate",
    "gzip",
    "zlib",
  ]
  pruneopts = "UT"
  revision = "6c2ac28c4d87d3208a576e17abb803e809a0558f"
  version = "v1.13.3"

[[projects]]
  digest = "1:fceb085f18da54ad5c9a3a2a6801f3963877d08836b16e0605a0a0eb035d026d"
  name = "github.com/labstack/echo"
  packages = ["."]
  pruneopts = "UT"
  revision = "2acb24adb0fd619dc3c672d7fdde25c2c21061d7"
  version = "v4.3.0"

[[projects]]
  digest = "1:9bc108827ac1d8783dea294f1ef07732fa4ca7d6e20518c04888a85828eba4ce"
  name = "github.com/labstack/gommon"
  packages = [
    "color",
    "log",
  ]
  pruneopts = "UT"
  revision = "4919956f6fb227b548f004da27c7c6b20fba499f"
  version = "v0.3.0"

[[projects]]
  digest = "1:1a1915157e0aec5d117a09914c139735bf8ea0c0cd58b5796c9c88597b6d1741"
  name = "github.com/lib/pq"
  packages = [
    ".",
    "oid",
    "scram",
  ]
  pruneopts = "UT"
  revision = "2da6713d67f03911a05b1b6559adc85927fe076e"
  version = "v1.10.2"

[[projects]]
  digest = "1:66efd51370fc704fc2a331ea66905526a8aed4153005263b2667d0b6a8f56918"
  name = "github.com/markbates/going"
  packages = [
    "defaults",
    "randx",
  ]
  pruneopts = "UT"
  revision = "7745e382f2e927b7ad1bc04524fa32217acaeb15"
  version = "v1.0.3"

[[projects]]
  digest = "1:e06b5aebaba29dc6f982e241ef2487bfa1b943eb59d854bf5da1672ce3995a55"
  name = "github.com/markbates/grift"
  packages = ["grift"]
  pruneopts = "UT"
  revision = "416fdcd6c9961fcede9f39103647224e0d2d937a"
  version = "v1.5.0"

[[projects]]
  digest = "1:3804a3a02964db8e6db3e5e7960ac1c1a9b12835642dd4f4ac4e56c749ec73eb"
  name = "github.com/markbates/inflect"
  packages = ["."]
  pruneopts = "UT"
  revision = "24b83195037b3bc61fcda2d28b7b0518bce293b6"
  version = "v1.0.4"

[[projects]]
  digest = "1:be27523c7f38387942ceb80e8e0db3025cfb9532c82e582571c1e423a1fbdd42"
  name = "github.com/markbates/oncer"
  packages = ["."]
  pruneopts = "UT"
  revision = "74cf68f7e72ed26f7a701d975dbcee92cd324cbb"
  version = "v1.0.0"

[[projects]]
  digest = "1:4f050aba446c93a5cd6d17fadd6915ce024bf6843a126ac7b0d167919863e29e"
  name = "github.com/markbates/refresh"
  packages = [
    "filenotify",
    "refresh",
    "refresh/web",
  ]
  pruneopts = "UT"
  revision = "764db58c66dd0c85c29fe29a7e3416f7b0344c6a"
  version = "v1.11.1"

[[projects]]
  digest = "1:28687e854cec240942c103259668b132a8450b05a6cc677eea2282b26ae29310"
  name = "github.com/markbates/safe"
  packages = ["."]
  pruneopts = "UT"
  revision = "6fea05a5732486546a4836b7a1d596c5ec687b98"
  version = "v1.0.1"

[[projects]]
  digest = "1:1f74d2e87dec3e6d4ddbfc8bf23f9b89be85903131c2ebbb6557eb2ec646bc28"
  name = "github.com/markbates/sigtx"
  packages = ["."]
  pruneopts = "UT"
  revision = "daa2e5f08161c569ca3d938d70750ccd038daf16"
  version = "v1.0.0"

[[projects]]
  branch = "master"
  digest = "1:9b774ba49d1ba0fcbd64c39d1d389ca045633453b373bc034977d936965dfa87"
  name = "github.com/martini-contrib/render"
  packages = ["."]
  pruneopts = "UT"
  revision = "ec18f8345a1181146728238980606fb1d6f40e8c"

[[projects]]
  digest = "1:304d25ecc3f4ca39f894c959254d3f5fc6176276ccf1f874ded0cd441e2f964f"
  name = "github.com/mattn/go-colorable"
  packages = ["."]
  pruneopts = "UT"
  revision = "2e1b0c1546e0173c0907cf05c67b8ba29ed8b4d1"
  version = "v0.1.8"

[[projects]]
  digest = "1:0c58d31abe2a2ccb429c559b6292e7df89dcda675456fecc282fa90aa08273eb"
  name = "github.com/mattn/go-isatty"
  packages = ["."]
  pruneopts = "UT"
  revision = "7b513a986450394f7bbf1476909911b3aa3a55ce"
  version = "v0.0.12"

[[projects]]
  digest = "1:047349f9fa59b1c603d6a73f6bf9b03c9e2ac718f64a6ed04959ddc274903efc"
  name = "github.com/mattn/go-sqlite3"
  packages = ["."]
  pruneopts = "UT"
  revision = "baaf8a978416040e7f2d00ac36e345098d0588d8"
  version = "v2.0.6"

[[projects]]
  digest = "1:a9a822c986f424eb92ddea51acf4e362e506a9958cf7638990fa8d12e982035b"
  name = "github.com/microcosm-cc/bluemonday"
  packages = [
    ".",
    "css",
  ]
  pruneopts = "UT"
  revision = "f0057e2386fef8ce4ee3ede8a56b59d27449d49f"
  version = "v1.0.15"

[[projects]]
  digest = "1:5d231480e1c64a726869bc4142d270184c419749d34f167646baa21008eb0a79"
  name = "github.com/mitchellh/go-homedir"
  packages = ["."]
  pruneopts = "UT"
  revision = "af06845cf3004701891bf4fdb884bfe4920b3727"
  version = "v1.1.0"

[[projects]]
  digest = "1:33422d238f147d247752996a26574ac48dcf472976eda7f5134015f06bf16563"
  name = "github.com/modern-go/concurrent"
  packages = ["."]
  pruneopts = "UT"
  revision = "bacd9c7ef1dd9b15be4a9909b8ac7a4e313eec94"
  version = "1.0.3"

[[projects]]
  digest = "1:e32bdbdb7c377a07a9a46378290059822efdce5c8d96fe71940d87cb4f918855"
  name = "github.com/modern-go/reflect2"
  packages = ["."]
  pruneopts = "UT"
  revision = "4b7aa43c6742a2c18fdef89dd197aaae7dac7ccd"
  version = "1.0.1"

[[projects]]
  digest = "1:d8c4d959c3ec5d3a4e868099edb061608e4f03054ebe9557fcaa2d68f434840c"
  name = "github.com/monoculum/formam"
  packages = ["."]
  pruneopts = "UT"
  revision = "6f187e4ffe27dafc6c158298f66a2f1b0abcd357"
  version = "v3.5.0"

[[projects]]
  branch = "master"
  digest = "1:8ad686b49b509bf03549281c04b5fe11f609e9b12bf34a0690acad8cecc94f15"
  name = "github.com/oxtoacart/bpool"
  packages = ["."]
  pruneopts = "UT"
  revision = "03653db5a59cd88b481403d312d7c324b56af377"

[[projects]]
  digest = "1:9e1d37b58d17113ec3cb5608ac0382313c5b59470b94ed97d0976e69c7022314"
  name = "github.com/pkg/errors"
  packages = ["."]
  pruneopts = "UT"
  revision = "614d223910a179a466c1767a985424175c39b465"
  version = "v0.9.1"

[[projects]]
  branch = "master"
  digest = "1:d6efa822e9b1e35da4653e912128933143d37d2358eebe2b35c1a5f60e028bd0"
  name = "github.com/qiangxue/fasthttp-routing"
  packages = ["."]
  pruneopts = "UT"
  revision = "6ccdc2a18d8712f842de50ddcb8c9a3d025ddc71"

[[projects]]
  digest = "1:97be06856202c34527ba0e5dace6696d90b521ace0a1d8fe0000e6cc23203e8b"
  name = "github.com/revel/config"
  packages = ["."]
  pruneopts = "UT"
  revision = "a81c4105c36841d27e529f875b6062da7b8f986c"
  version = "v1.0.0"

[[projects]]
  digest = "1:ad5e66a907bb1fbbca353c08c40a099e96daacc5761f7dc1e3293ab64b2f3d2e"
  name = "github.com/revel/log15"
  packages = ["."]
  pruneopts = "UT"
  revision = "793412a67da6f8d15fede4c38f5c66272478cb8a"
  version = "v2.11.20"

[[projects]]
  branch = "master"
  digest = "1:a0812e773563f2e41afebf582088a86b0f01eb5bd794c19ecc1bce25820b1fa2"
  name = "github.com/revel/pathtree"
  packages = ["."]
  pruneopts = "UT"
  revision = "41257a1839e945fce74afd070e02bab2ea2c776a"

[[projects]]
  digest = "1:2e2feeb93236ccb5481f44b443acb7eb9841a3efa0be33248375354478f69ebb"
  name = "github.com/revel/revel"
  packages = [
    ".",
    "logger",
    "model",
    "session",
    "utils",
  ]
  pruneopts = "UT"
  revision = "ee237a4ce4b7660dcbafda789dd6f524a4a4b47d"
  version = "v1.0.0"

[[projects]]
  digest = "1:e09ada96a5a41deda4748b1659cc8953961799e798aea557257b56baee4ecaf3"
  name = "github.com/rogpeppe/go-internal"
  packages = [
    "modfile",
    "module",
    "semver",
  ]
  pruneopts = "UT"
  revision = "8ef127344c684f0eb23e5eea40f303b74de097b2"
  version = "v1.8.0"

[[projects]]
  branch = "master"
  digest = "1:97b7ed4d0e9e8b04830c0c0c609de8df2e6c3c0b6eca4902311cbde174cb55fd"
  name = "github.com/russross/blackfriday"
  packages = ["."]
  pruneopts = "UT"
  revision = "e96880f42b9343aea6cbfd99693adae0e5fe2b2a"

[[projects]]
  digest = "1:0cdbe7b717bdc81f143bbdd516c3639828c5e1cd158e4140ca100d657fc26550"
  name = "github.com/ryanuber/columnize"
  packages = ["."]
  pruneopts = "UT"
  revision = "d363dedc9af5c63c6809f74e28650cbd635640e0"
  version = "v2.1.2"

[[projects]]
  branch = "master"
  digest = "1:72c3e983b4b6535bb028a7346ee864145f4b58dd52f6b3374ef6abc488109b43"
  name = "github.com/serenize/snaker"
  packages = ["."]
  pruneopts = "UT"
  revision = "a7ad2135616ec642eded6127983a40f73672b801"

[[projects]]
  digest = "1:9cf758470baf9d9879986f548b6ef1cf9ffd8db5cfb0ffa2606fc78a884bdec9"
  name = "github.com/sergi/go-diff"
  packages = ["diffmatchpatch"]
  pruneopts = "UT"
  revision = "0a651d56613f9de4bed8b9c4769b776ef168bfca"
  version = "v1.2.0"

[[projects]]
  branch = "master"
  digest = "1:0f10f73342d955228c69329d3ee5cb9abdc92e7f4162f320fb93bc5781ccb57b"
  name = "github.com/shiena/ansicolor"
  packages = ["."]
  pruneopts = "UT"
  revision = "c7312218db184c554578219828d6c9498d02dcb1"

[[projects]]
  branch = "master"
  digest = "1:e07c362c45ecbd1b3013b49f6f29e7effa768b3bd80a35ca581f9f23ae481fa3"
  name = "github.com/shurcooL/github_flavored_markdown"
  packages = ["."]
  pruneopts = "UT"
  revision = "c3a9aa474629cd065339c498fa0815011a9e492b"

[[projects]]
  branch = "master"
  digest = "1:1264cbb329e795df28499a63d4515403fce92f718b6f79dfdd6580e296160ba2"
  name = "github.com/shurcooL/go"
  packages = [
    "parserutil",
    "printerutil",
    "reflectfind",
    "reflectsource",
  ]
  pruneopts = "UT"
  revision = "93f07166e636e9ea49cd6e5cdda12d1579ae31d4"

[[projects]]
  branch = "master"
  digest = "1:82912e6a9cf488dc2e6ffac37c38dacfd93c54e389c04b29f839859026c8e88a"
  name = "github.com/shurcooL/go-goon"
  packages = ["."]
  pruneopts = "UT"
  revision = "7585751d9a1713e6e2a31d5860b6793e6683dbcb"

[[projects]]
  branch = "master"
  digest = "1:23a0fdf4f939b35ca0f40530d39671b2fdd503e978a9783b89b059c7e9ff4889"
  name = "github.com/shurcooL/graphql"
  packages = ["ident"]
  pruneopts = "UT"
  revision = "18c5c3165e3af7c70ca625593f8066462ad684cc"

[[projects]]
  branch = "master"
  digest = "1:1c692fbb295a05e0ad77aafe24385cf0947314aa882bbdae716bbcbe7d5f87b1"
  name = "github.com/shurcooL/highlight_diff"
  packages = ["."]
  pruneopts = "UT"
  revision = "111da2e7d480d1ae2e33d64cd6b19530db117002"

[[projects]]
  branch = "master"
  digest = "1:2e344cfe4fa5d4760839572bd136dc8c97c1bc88a0dd255cf03e2bb4b243a630"
  name = "github.com/shurcooL/highlight_go"
  packages = ["."]
  pruneopts = "UT"
  revision = "782971ddf21b32e90999140f84ee028a4a8b99de"

[[projects]]
  branch = "master"
  digest = "1:cd7a66f5c7c9fc4c026a04fb2d531664162532a24639205efe65db0b47a4bc24"
  name = "github.com/shurcooL/octicon"
  packages = ["."]
  pruneopts = "UT"
  revision = "cbb32d6a785c5dddc63742d685ab991ec2051014"

[[projects]]
  digest = "1:9421f6e9e28ef86933e824b5caff441366f2b69bb281085b9dca40e1f27a1602"
  name = "github.com/shurcooL/sanitized_anchor_name"
  packages = ["."]
  pruneopts = "UT"
  revision = "7bfe4c7ecddb3666a94b053b422cdd8f5aaa3615"
  version = "v1.0.0"

[[projects]]
  digest = "1:819b22a75ddd43c69965c9582dcab34a077f2d3f543bf8832126b275ea6953e6"
  name = "github.com/sirupsen/logrus"
  packages = ["."]
  pruneopts = "UT"
  revision = "bdc0db8ead3853c56b7cd1ac2ba4e11b47d7da6b"
  version = "v1.8.1"

[[projects]]
  branch = "master"
  digest = "1:7d1a56d6e478d101047b32fe6ea432966db16867a3984b53bef75e3c160087b1"
  name = "github.com/sourcegraph/annotate"
  packages = ["."]
  pruneopts = "UT"
  revision = "f4cad6c6324d3f584e1743d8b3e0e017a5f3a636"

[[projects]]
  branch = "master"
  digest = "1:9df4f012b99e1ea84cd1c3c29874cfb541b9726be43c62f05feef3a85e300688"
  name = "github.com/sourcegraph/syntaxhighlight"
  packages = ["."]
  pruneopts = "UT"
  revision = "bd320f5d308e1a3c4314c678d8227a0d72574ae7"

[[projects]]
  digest = "1:8f41bbca0d6435bb54d7c090336f7693942cda30f9126eaf3959b8df48721ac3"
  name = "github.com/twinj/uuid"
  packages = ["."]
  pruneopts = "UT"
  revision = "835a10bbd6bce40820349a68b1368a62c3c5617c"
  version = "v1.0.0"

[[projects]]
  digest = "1:86f456d5cf20ab2e1b5c8c84806866ca97ea768e2aa6ed424ddfc5a8f9598a56"
  name = "github.com/ugorji/go"
  packages = ["codec"]
  pruneopts = "UT"
  revision = "5b6462b505850ae23ec0444474b85541c85514f6"
  version = "v1.2.6"

[[projects]]
  digest = "1:c468422f334a6b46a19448ad59aaffdfc0a36b08fdcc1c749a0b29b6453d7e59"
  name = "github.com/valyala/bytebufferpool"
  packages = ["."]
  pruneopts = "UT"
  revision = "e746df99fe4a3986f4d4f79e13c1e0117ce9c2f7"
  version = "v1.0.0"

[[projects]]
  digest = "1:15ad8a80098fcc7a194b9db6b26d74072a852e4faa957848c8118193d3c69230"
  name = "github.com/valyala/fasthttp"
  packages = [
    ".",
    "fasthttputil",
    "stackless",
  ]
  pruneopts = "UT"
  revision = "e5f51c11919d4f66400334047b897ef0a94c6f3c"
  version = "v20180529"

[[projects]]
  digest = "1:d724474523928294ece8cc97e8d2371f27c7e6d3068bfa9ace93bd3105b4fdbd"
  name = "github.com/valyala/fasttemplate"
  packages = ["."]
  pruneopts = "UT"
  revision = "2275c48ed3e40f01fa347e220be31070a89b6ad4"
  version = "v1.2.1"

[[projects]]
  digest = "1:ffa6bd15109b4ad04ed01419ca6c0cf6e41afb335d84b68bb1251b24ec2353a2"
  name = "github.com/xeonx/timeago"
  packages = ["."]
  pruneopts = "UT"
  revision = "4e7d8c1f9a433881f64a7f87f51e494186857982"
  version = "v1.0.0-rc4"

[[projects]]
  branch = "master"
  digest = "1:e8670f6a18979cae0865e544d167d2a3ab0228899a87eb48633c97401e58a292"
  name = "golang.org/x/crypto"
  packages = [
    "acme",
    "acme/autocert",
    "bcrypt",
    "blowfish",
    "ssh/terminal",
  ]
  pruneopts = "UT"
  revision = "38f3c27a63bf8d9928ce230b01cab346d1756e88"

[[projects]]
  branch = "master"
  digest = "1:ff172ffe33245a0013502d4902436db9a52ab20ef8a949c4d3a20893a55f8db3"
  name = "golang.org/x/net"
  packages = [
    "html",
    "html/atom",
    "http/httpguts",
    "http2",
    "http2/h2c",
    "http2/hpack",
    "idna",
    "publicsuffix",
    "websocket",
  ]
  pruneopts = "UT"
  revision = "064579744ee093986542bb85ff0b5ac3a7ee64c5"

[[projects]]
  branch = "master"
  digest = "1:b521f10a2d8fa85c04a8ef4e62f2d1e14d303599a55d64dabf9f5a02f84d35eb"
  name = "golang.org/x/sync"
  packages = ["errgroup"]
  pruneopts = "UT"
  revision = "036812b2e83c0ddf193dd5a34e034151da389d09"

[[projects]]
  branch = "master"
  digest = "1:b183f9dcc5f07228e2d993a05a5d29dc14edf20caaa3981eb65263c9d5ab17ca"
  name = "golang.org/x/sys"
  packages = [
    "internal/unsafeheader",
    "plan9",
    "unix",
    "windows",
  ]
  pruneopts = "UT"
  revision = "66c3f260301cac915959651293c11c8207d331e8"

[[projects]]
  branch = "master"
  digest = "1:a9df7181f85976d4fce1b6be0aac39d237a29ab1bd6fb9ff0401c49614bf40bd"
  name = "golang.org/x/term"
  packages = ["."]
  pruneopts = "UT"
  revision = "6886f2dfbf5b25f595b4fe4279c49956e867c59b"

[[projects]]
  digest = "1:d343bfab7897dd73ee9bf8172d1fc83d935b7512067856ed596aaf57a9345f3c"
  name = "golang.org/x/text"
  packages = [
    "collate",
    "collate/build",
    "internal/colltab",
    "internal/gen",
    "internal/language",
    "internal/language/compact",
    "internal/tag",
    "internal/triegen",
    "internal/ucd",
    "language",
    "secure/bidirule",
    "transform",
    "unicode/bidi",
    "unicode/cldr",
    "unicode/norm",
    "unicode/rangetable",
  ]
  pruneopts = "UT"
  revision = "e328d63cff14134669501e0e154e4f141c784322"
  version = "v0.3.6"

[[projects]]
  digest = "1:91dddce5adec4faf06a99a6d12bfce2b91da56d009e88a69a6e328a861f19ac7"
  name = "google.golang.org/protobuf"
  packages = [
    "encoding/prototext",
    "encoding/protowire",
    "internal/descfmt",
    "internal/descopts",
    "internal/detrand",
    "internal/encoding/defval",
    "internal/encoding/messageset",
    "internal/encoding/tag",
    "internal/encoding/text",
    "internal/errors",
    "internal/filedesc",
    "internal/filetype",
    "internal/flags",
    "internal/genid",
    "internal/impl",
    "internal/order",
    "internal/pragma",
    "internal/set",
    "internal/strs",
    "internal/version",
    "proto",
    "reflect/protodesc",
    "reflect/protoreflect",
    "reflect/protoregistry",
    "runtime/protoiface",
    "runtime/protoimpl",
    "types/descriptorpb",
  ]
  pruneopts = "UT"
  revision = "b92717ecb630d4a4824b372bf98c729d87311a4d"
  version = "v1.27.1"

[[projects]]
  digest = "1:cbc72c4c4886a918d6ab4b95e347ffe259846260f99ebdd8a198c2331cf2b2e9"
  name = "gopkg.in/go-playground/validator.v8"
  packages = ["."]
  pruneopts = "UT"
  revision = "5f1438d3fca68893a817e4a66806cea46a9e4ebf"
  version = "v8.18.2"

[[projects]]
  digest = "1:c805e517269b0ba4c21ded5836019ed7d16953d4026cb7d00041d039c7906be9"
  name = "gopkg.in/natefinch/lumberjack.v2"
  packages = ["."]
  pruneopts = "UT"
  revision = "a96e63847dc3c67d17befa69c303767e2f84e54f"
  version = "v2.1"

[[projects]]
  branch = "v0"
  digest = "1:00d2943cfcfbb3dc043f6d8586d0db5a9e8507c36429babe8d5d1af8ee43a753"
  name = "gopkg.in/stack.v0"
  packages = ["."]
  pruneopts = "UT"
  revision = "9b43fcefddd0178abdabf4d484ab0d695d0011db"

[[projects]]
  digest = "1:5054a1f394226de9e6ddc47b0ba77e35092a4112f4a1cd9cb94aba1f5bdc3ec6"
  name = "gopkg.in/yaml.v2"
  packages = ["."]
  pruneopts = "UT"
  revision = "7649d4548cb53a614db133b2a8ac1f31859dda8c"
  version = "v2.4.0"

[solve-meta]
  analyzer-name = "dep"
  analyzer-version = 1
  input-imports = [
    "github.com/astaxie/beego",
    "github.com/astaxie/beego/context",
    "github.com/gin-gonic/gin",
    "github.com/go-martini/martini",
    "github.com/gobuffalo/buffalo",
    "github.com/gorilla/mux",
    "github.com/julienschmidt/httprouter",
    "github.com/kataras/iris",
    "github.com/kataras/iris/context",
    "github.com/labstack/echo",
    "github.com/martini-contrib/render",
    "github.com/qiangxue/fasthttp-routing",
    "github.com/revel/revel",
    "github.com/valyala/fasthttp",
  ]
  solver-name = "gps-cdcl"
  solver-version = 1
